
Microsoft Visual Studio Solution File, Format Version 12.00
# Visual Studio 15
VisualStudioVersion = 15.0.26730.15
MinimumVisualStudioVersion = 10.0.40219.1
Project("{FAE04EC0-301F-11D3-BF4B-00C04F79EFBC}") = "ServerMonitorNET", "ServerMonitorNET\ServerMonitorNET.csproj", "{8C07F949-D49C-4AEF-BAE6-9B187589296D}"
EndProject
Project("{FAE04EC0-301F-11D3-BF4B-00C04F79EFBC}") = "Client", "Client\Client.csproj", "{D4CC25CB-567D-4C17-BA9A-01A515E4F482}"
EndProject
Project("{FAE04EC0-301F-11D3-BF4B-00C04F79EFBC}") = "ServerNET", "ServerNET\ServerNET.csproj", "{004553E1-65A9-4339-A67C-75A9D492FFF0}"
EndProject
Global
	GlobalSection(SolutionConfigurationPlatforms) = preSolution
		Debug|Any CPU = Debug|Any CPU
		Release|Any CPU = Release|Any CPU
	EndGlobalSection
	GlobalSection(ProjectConfigurationPlatforms) = postSolution
		{8C07F949-D49C-4AEF-BAE6-9B187589296D}.Debug|Any CPU.ActiveCfg = Debug|Any CPU
		{8C07F949-D49C-4AEF-BAE6-9B187589296D}.Debug|Any CPU.Build.0 = Debug|Any CPU
		{8C07F949-D49C-4AEF-BAE6-9B187589296D}.Release|Any CPU.ActiveCfg = Release|Any CPU
		{8C07F949-D49C-4AEF-BAE6-9B187589296D}.Release|Any CPU.Build.0 = Release|Any CPU
		{D4CC25CB-567D-4C17-BA9A-01A515E4F482}.Debug|Any CPU.ActiveCfg = Debug|Any CPU
		{D4CC25CB-567D-4C17-BA9A-01A515E4F482}.Debug|Any CPU.Build.0 = Debug|Any CPU
		{D4CC25CB-567D-4C17-BA9A-01A515E4F482}.Release|Any CPU.ActiveCfg = Release|Any CPU
		{D4CC25CB-567D-4C17-BA9A-01A515E4F482}.Release|Any CPU.Build.0 = Release|Any CPU
		{004553E1-65A9-4339-A67C-75A9D492FFF0}.Debug|Any CPU.ActiveCfg = Debug|Any CPU
		{004553E1-65A9-4339-A67C-75A9D492FFF0}.Debug|Any CPU.Build.0 = Debug|Any CPU
		{004553E1-65A9-4339-A67C-75A9D492FFF0}.Release|Any CPU.ActiveCfg = Release|Any CPU
		{004553E1-65A9-4339-A67C-75A9D492FFF0}.Release|Any CPU.Build.0 = Release|Any CPU
	EndGlobalSection
	GlobalSection(SolutionProperties) = preSolution
		HideSolutionNode = FALSE
	EndGlobalSection
	GlobalSection(ExtensibilityGlobals) = postSolution
		SolutionGuid = {52D1FC5A-B276-4288-A3AB-2BB2D0BACD43}
	EndGlobalSection
EndGlobal
